// !$*UTF8*$!
{
	archiveVersion = 1;
	classes = {
	};
	objectVersion = 48;
	objects = {

/* Begin PBXBuildFile section */
		7ECE217E1F3CA8B200783E8C /* Category.swift in Sources */ = {isa = PBXBuildFile; fileRef = 7ECE217D1F3CA8B200783E8C /* Category.swift */; };
		7ECE21811F3CA9B500783E8C /* DataService.swift in Sources */ = {isa = PBXBuildFile; fileRef = 7ECE21801F3CA9B500783E8C /* DataService.swift */; };
		7ECE21831F3CBFA900783E8C /* ProductCell.swift in Sources */ = {isa = PBXBuildFile; fileRef = 7ECE21821F3CBFA900783E8C /* ProductCell.swift */; };
		7EF0C7511F3BE97D007BAA82 /* AppDelegate.swift in Sources */ = {isa = PBXBuildFile; fileRef = 7EF0C7501F3BE97D007BAA82 /* AppDelegate.swift */; };
		7EF0C7531F3BE97D007BAA82 /* CategoriesVC.swift in Sources */ = {isa = PBXBuildFile; fileRef = 7EF0C7521F3BE97D007BAA82 /* CategoriesVC.swift */; };
		7EF0C7561F3BE97D007BAA82 /* Main.storyboard in Resources */ = {isa = PBXBuildFile; fileRef = 7EF0C7541F3BE97D007BAA82 /* Main.storyboard */; };
		7EF0C7581F3BE97D007BAA82 /* Assets.xcassets in Resources */ = {isa = PBXBuildFile; fileRef = 7EF0C7571F3BE97D007BAA82 /* Assets.xcassets */; };
		7EF0C75B1F3BE97D007BAA82 /* LaunchScreen.storyboard in Resources */ = {isa = PBXBuildFile; fileRef = 7EF0C7591F3BE97D007BAA82 /* LaunchScreen.storyboard */; };
		7EF0C7661F3BF223007BAA82 /* CategoryCell.swift in Sources */ = {isa = PBXBuildFile; fileRef = 7EF0C7651F3BF223007BAA82 /* CategoryCell.swift */; };
/* End PBXBuildFile section */

/* Begin PBXFileReference section */
		7ECE217D1F3CA8B200783E8C /* Category.swift */ = {isa = PBXFileReference; lastKnownFileType = sourcecode.swift; path = Category.swift; sourceTree = "<group>"; };
		7ECE21801F3CA9B500783E8C /* DataService.swift */ = {isa = PBXFileReference; lastKnownFileType = sourcecode.swift; path = DataService.swift; sourceTree = "<group>"; };
		7ECE21821F3CBFA900783E8C /* ProductCell.swift */ = {isa = PBXFileReference; lastKnownFileType = sourcecode.swift; path = ProductCell.swift; sourceTree = "<group>"; };
		7EF0C74D1F3BE97D007BAA82 /* coder-swag.app */ = {isa = PBXFileReference; explicitFileType = wrapper.application; includeInIndex = 0; path = "coder-swag.app"; sourceTree = BUILT_PRODUCTS_DIR; };
		7EF0C7501F3BE97D007BAA82 /* AppDelegate.swift */ = {isa = PBXFileReference; lastKnownFileType = sourcecode.swift; path = AppDelegate.swift; sourceTree = "<group>"; };
		7EF0C7521F3BE97D007BAA82 /* CategoriesVC.swift */ = {isa = PBXFileReference; lastKnownFileType = sourcecode.swift; path = CategoriesVC.swift; sourceTree = "<group>"; };
		7EF0C7551F3BE97D007BAA82 /* Base */ = {isa = PBXFileReference; lastKnownFileType = file.storyboard; name = Base; path = Base.lproj/Main.storyboard; sourceTree = "<group>"; };
		7EF0C7571F3BE97D007BAA82 /* Assets.xcassets */ = {isa = PBXFileReference; lastKnownFileType = folder.assetcatalog; path = Assets.xcassets; sourceTree = "<group>"; };
		7EF0C75A1F3BE97D007BAA82 /* Base */ = {isa = PBXFileReference; lastKnownFileType = file.storyboard; name = Base; path = Base.lproj/LaunchScreen.storyboard; sourceTree = "<group>"; };
		7EF0C75C1F3BE97D007BAA82 /* Info.plist */ = {isa = PBXFileReference; lastKnownFileType = text.plist.xml; path = Info.plist; sourceTree = "<group>"; };
		7EF0C7651F3BF223007BAA82 /* CategoryCell.swift */ = {isa = PBXFileReference; lastKnownFileType = sourcecode.swift; path = CategoryCell.swift; sourceTree = "<group>"; };
/* End PBXFileReference section */

/* Begin PBXFrameworksBuildPhase section */
		7EF0C74A1F3BE97D007BAA82 /* Frameworks */ = {
			isa = PBXFrameworksBuildPhase;
			buildActionMask = 2147483647;
			files = (
			);
			runOnlyForDeploymentPostprocessing = 0;
		};
/* End PBXFrameworksBuildPhase section */

/* Begin PBXGroup section */
		7ECE217F1F3CA9A000783E8C /* Services */ = {
			isa = PBXGroup;
			children = (
				7ECE21801F3CA9B500783E8C /* DataService.swift */,
			);
			path = Services;
			sourceTree = "<group>";
		};
		7EF0C7441F3BE97D007BAA82 = {
			isa = PBXGroup;
			children = (
				7EF0C74F1F3BE97D007BAA82 /* coder-swag */,
				7EF0C74E1F3BE97D007BAA82 /* Products */,
			);
			sourceTree = "<group>";
		};
		7EF0C74E1F3BE97D007BAA82 /* Products */ = {
			isa = PBXGroup;
			children = (
				7EF0C74D1F3BE97D007BAA82 /* coder-swag.app */,
			);
			name = Products;
			sourceTree = "<group>";
		};
		7EF0C74F1F3BE97D007BAA82 /* coder-swag */ = {
			isa = PBXGroup;
			children = (
				7ECE217F1F3CA9A000783E8C /* Services */,
				7EF0C7641F3BF1A2007BAA82 /* Model */,
				7EF0C7631F3BF197007BAA82 /* View */,
				7EF0C7621F3BF18C007BAA82 /* Controller */,
				7EF0C7501F3BE97D007BAA82 /* AppDelegate.swift */,
				7EF0C7541F3BE97D007BAA82 /* Main.storyboard */,
				7EF0C7571F3BE97D007BAA82 /* Assets.xcassets */,
				7EF0C7591F3BE97D007BAA82 /* LaunchScreen.storyboard */,
				7EF0C75C1F3BE97D007BAA82 /* Info.plist */,
			);
			path = "coder-swag";
			sourceTree = "<group>";
		};
		7EF0C7621F3BF18C007BAA82 /* Controller */ = {
			isa = PBXGroup;
			children = (
				7EF0C7521F3BE97D007BAA82 /* CategoriesVC.swift */,
			);
			path = Controller;
			sourceTree = "<group>";
		};
		7EF0C7631F3BF197007BAA82 /* View */ = {
			isa = PBXGroup;
			children = (
				7EF0C7651F3BF223007BAA82 /* CategoryCell.swift */,
				7ECE21821F3CBFA900783E8C /* ProductCell.swift */,
			);
			path = View;
			sourceTree = "<group>";
		};
		7EF0C7641F3BF1A2007BAA82 /* Model */ = {
			isa = PBXGroup;
			children = (
				7ECE217D1F3CA8B200783E8C /* Category.swift */,
			);
			path = Model;
			sourceTree = "<group>";
		};
/* End PBXGroup section */

/* Begin PBXNativeTarget section */
		7EF0C74C1F3BE97D007BAA82 /* coder-swag */ = {
			isa = PBXNativeTarget;
			buildConfigurationList = 7EF0C75F1F3BE97D007BAA82 /* Build configuration list for PBXNativeTarget "coder-swag" */;
			buildPhases = (
				7EF0C7491F3BE97D007BAA82 /* Sources */,
				7EF0C74A1F3BE97D007BAA82 /* Frameworks */,
				7EF0C74B1F3BE97D007BAA82 /* Resources */,
			);
			buildRules = (
			);
			dependencies = (
			);
			name = "coder-swag";
			productName = "coder-swag";
			productReference = 7EF0C74D1F3BE97D007BAA82 /* coder-swag.app */;
			productType = "com.apple.product-type.application";
		};
/* End PBXNativeTarget section */

/* Begin PBXProject section */
		7EF0C7451F3BE97D007BAA82 /* Project object */ = {
			isa = PBXProject;
			attributes = {
				LastSwiftUpdateCheck = 0900;
				LastUpgradeCheck = 0900;
				ORGANIZATIONNAME = "Lancelot Edwards";
				TargetAttributes = {
					7EF0C74C1F3BE97D007BAA82 = {
						CreatedOnToolsVersion = 9.0;
					};
				};
			};
			buildConfigurationList = 7EF0C7481F3BE97D007BAA82 /* Build configuration list for PBXProject "coder-swag" */;
			compatibilityVersion = "Xcode 8.0";
			developmentRegion = en;
			hasScannedForEncodings = 0;
			knownRegions = (
				en,
				Base,
			);
			mainGroup = 7EF0C7441F3BE97D007BAA82;
			productRefGroup = 7EF0C74E1F3BE97D007BAA82 /* Products */;
			projectDirPath = "";
			projectRoot = "";
			targets = (
				7EF0C74C1F3BE97D007BAA82 /* coder-swag */,
			);
		};
/* End PBXProject section */

/* Begin PBXResourcesBuildPhase section */
		7EF0C74B1F3BE97D007BAA82 /* Resources */ = {
			isa = PBXResourcesBuildPhase;
			buildActionMask = 2147483647;
			files = (
				7EF0C75B1F3BE97D007BAA82 /* LaunchScreen.storyboard in Resources */,
				7EF0C7581F3BE97D007BAA82 /* Assets.xcassets in Resources */,
				7EF0C7561F3BE97D007BAA82 /* Main.storyboard in Resources */,
			);
			runOnlyForDeploymentPostprocessing = 0;
		};
/* End PBXResourcesBuildPhase section */

/* Begin PBXSourcesBuildPhase section */
		7EF0C7491F3BE97D007BAA82 /* Sources */ = {
			isa = PBXSourcesBuildPhase;
			buildActionMask = 2147483647;
			files = (
				7EF0C7531F3BE97D007BAA82 /* CategoriesVC.swift in Sources */,
				7EF0C7511F3BE97D007BAA82 /* AppDelegate.swift in Sources */,
				7EF0C7661F3BF223007BAA82 /* CategoryCell.swift in Sources */,
				7ECE21831F3CBFA900783E8C /* ProductCell.swift in Sources */,
				7ECE217E1F3CA8B200783E8C /* Category.swift in Sources */,
				7ECE21811F3CA9B500783E8C /* DataService.swift in Sources */,
			);
			runOnlyForDeploymentPostprocessing = 0;
		};
/* End PBXSourcesBuildPhase section */

/* Begin PBXVariantGroup section */
		7EF0C7541F3BE97D007BAA82 /* Main.storyboard */ = {
			isa = PBXVariantGroup;
			children = (
				7EF0C7551F3BE97D007BAA82 /* Base */,
			);
			name = Main.storyboard;
			sourceTree = "<group>";
		};
		7EF0C7591F3BE97D007BAA82 /* LaunchScreen.storyboard */ = {
			isa = PBXVariantGroup;
			children = (
				7EF0C75A1F3BE97D007BAA82 /* Base */,
			);
			name = LaunchScreen.storyboard;
			sourceTree = "<group>";
		};
/* End PBXVariantGroup section */

/* Begin XCBuildConfiguration section */
		7EF0C75D1F3BE97D007BAA82 /* Debug */ = {
			isa = XCBuildConfiguration;
			buildSettings = {
				ALWAYS_SEARCH_USER_PATHS = NO;
				CLANG_ANALYZER_NONNULL = YES;
				CLANG_ANALYZER_NUMBER_OBJECT_CONVERSION = YES_AGGRESSIVE;
				CLANG_CXX_LANGUAGE_STANDARD = "gnu++14";
				CLANG_CXX_LIBRARY = "libc++";
				CLANG_ENABLE_MODULES = YES;
				CLANG_ENABLE_OBJC_ARC = YES;
				CLANG_WARN_BLOCK_CAPTURE_AUTORELEASING = YES;
				CLANG_WARN_BOOL_CONVERSION = YES;
				CLANG_WARN_COMMA = YES;
				CLANG_WARN_CONSTANT_CONVERSION = YES;
				CLANG_WARN_DIRECT_OBJC_ISA_USAGE = YES_ERROR;
				CLANG_WARN_DOCUMENTATION_COMMENTS = YES;
				CLANG_WARN_EMPTY_BODY = YES;
				CLANG_WARN_ENUM_CONVERSION = YES;
				CLANG_WARN_INFINITE_RECURSION = YES;
				CLANG_WARN_INT_CONVERSION = YES;
				CLANG_WARN_NON_LITERAL_NULL_CONVERSION = YES;
				CLANG_WARN_OBJC_LITERAL_CONVERSION = YES;
				CLANG_WARN_OBJC_ROOT_CLASS = YES_ERROR;
				CLANG_WARN_RANGE_LOOP_ANALYSIS = YES;
				CLANG_WARN_STRICT_PROTOTYPES = YES;
				CLANG_WARN_SUSPICIOUS_MOVE = YES;
				CLANG_WARN_UNGUARDED_AVAILABILITY = YES_AGGRESSIVE;
				CLANG_WARN_UNREACHABLE_CODE = YES;
				CLANG_WARN__DUPLICATE_METHOD_MATCH = YES;
				CODE_SIGN_IDENTITY = "iPhone Developer";
				COPY_PHASE_STRIP = NO;
				DEBUG_INFORMATION_FORMAT = dwarf;
				ENABLE_STRICT_OBJC_MSGSEND = YES;
				ENABLE_TESTABILITY = YES;
				GCC_C_LANGUAGE_STANDARD = gnu11;
				GCC_DYNAMIC_NO_PIC = NO;
				GCC_NO_COMMON_BLOCKS = YES;
				GCC_OPTIMIZATION_LEVEL = 0;
				GCC_PREPROCESSOR_DEFINITIONS = (
					"DEBUG=1",
					"$(inherited)",
				);
				GCC_WARN_64_TO_32_BIT_CONVERSION = YES;
				GCC_WARN_ABOUT_RETURN_TYPE = YES_ERROR;
				GCC_WARN_UNDECLARED_SELECTOR = YES;
				GCC_WARN_UNINITIALIZED_AUTOS = YES_AGGRESSIVE;
				GCC_WARN_UNUSED_FUNCTION = YES;
				GCC_WARN_UNUSED_VARIABLE = YES;
				IPHONEOS_DEPLOYMENT_TARGET = 11.0;
				MTL_ENABLE_DEBUG_INFO = YES;
				ONLY_ACTIVE_ARCH = YES;
				SDKROOT = iphoneos;
				SWIFT_ACTIVE_COMPILATION_CONDITIONS = DEBUG;
				SWIFT_OPTIMIZATION_LEVEL = "-Onone";
			};
			name = Debug;
		};
		7EF0C75E1F3BE97D007BAA82 /* Release */ = {
			isa = XCBuildConfiguration;
			buildSettings = {
				ALWAYS_SEARCH_USER_PATHS = NO;
				CLANG_ANALYZER_NONNULL = YES;
				CLANG_ANALYZER_NUMBER_OBJECT_CONVERSION = YES_AGGRESSIVE;
				CLANG_CXX_LANGUAGE_STANDARD = "gnu++14";
				CLANG_CXX_LIBRARY = "libc++";
				CLANG_ENABLE_MODULES = YES;
				CLANG_ENABLE_OBJC_ARC = YES;
				CLANG_WARN_BLOCK_CAPTURE_AUTORELEASING = YES;
				CLANG_WARN_BOOL_CONVERSION = YES;
				CLANG_WARN_COMMA = YES;
				CLANG_WARN_CONSTANT_CONVERSION = YES;
				CLANG_WARN_DIRECT_OBJC_ISA_USAGE = YES_ERROR;
				CLANG_WARN_DOCUMENTATION_COMMENTS = YES;
				CLANG_WARN_EMPTY_BODY = YES;
				CLANG_WARN_ENUM_CONVERSION = YES;
				CLANG_WARN_INFINITE_RECURSION = YES;
				CLANG_WARN_INT_CONVERSION = YES;
				CLANG_WARN_NON_LITERAL_NULL_CONVERSION = YES;
				CLANG_WARN_OBJC_LITERAL_CONVERSION = YES;
				CLANG_WARN_OBJC_ROOT_CLASS = YES_ERROR;
				CLANG_WARN_RANGE_LOOP_ANALYSIS = YES;
				CLANG_WARN_STRICT_PROTOTYPES = YES;
				CLANG_WARN_SUSPICIOUS_MOVE = YES;
				CLANG_WARN_UNGUARDED_AVAILABILITY = YES_AGGRESSIVE;
				CLANG_WARN_UNREACHABLE_CODE = YES;
				CLANG_WARN__DUPLICATE_METHOD_MATCH = YES;
				CODE_SIGN_IDENTITY = "iPhone Developer";
				COPY_PHASE_STRIP = NO;
				DEBUG_INFORMATION_FORMAT = "dwarf-with-dsym";
				ENABLE_NS_ASSERTIONS = NO;
				ENABLE_STRICT_OBJC_MSGSEND = YES;
				GCC_C_LANGUAGE_STANDARD = gnu11;
				GCC_NO_COMMON_BLOCKS = YES;
				GCC_WARN_64_TO_32_BIT_CONVERSION = YES;
				GCC_WARN_ABOUT_RETURN_TYPE = YES_ERROR;
				GCC_WARN_UNDECLARED_SELECTOR = YES;
				GCC_WARN_UNINITIALIZED_AUTOS = YES_AGGRESSIVE;
				GCC_WARN_UNUSED_FUNCTION = YES;
				GCC_WARN_UNUSED_VARIABLE = YES;
				IPHONEOS_DEPLOYMENT_TARGET = 11.0;
				MTL_ENABLE_DEBUG_INFO = NO;
				SDKROOT = iphoneos;
				SWIFT_OPTIMIZATION_LEVEL = "-Owholemodule";
				VALIDATE_PRODUCT = YES;
			};
			name = Release;
		};
		7EF0C7601F3BE97D007BAA82 /* Debug */ = {
			isa = XCBuildConfiguration;
			buildSettings = {
				ASSETCATALOG_COMPILER_APPICON_NAME = AppIcon;
				INFOPLIST_FILE = "coder-swag/Info.plist";
				LD_RUNPATH_SEARCH_PATHS = "$(inherited) @executable_path/Frameworks";
				PRODUCT_BUNDLE_IDENTIFIER = "com.example.coder-swag";
				PRODUCT_NAME = "$(TARGET_NAME)";
				SWIFT_VERSION = 4.0;
				TARGETED_DEVICE_FAMILY = "1,2";
			};
			name = Debug;
		};
		7EF0C7611F3BE97D007BAA82 /* Release */ = {
			isa = XCBuildConfiguration;
			buildSettings = {
				ASSETCATALOG_COMPILER_APPICON_NAME = AppIcon;
				INFOPLIST_FILE = "coder-swag/Info.plist";
				LD_RUNPATH_SEARCH_PATHS = "$(inherited) @executable_path/Frameworks";
				PRODUCT_BUNDLE_IDENTIFIER = "com.example.coder-swag";
				PRODUCT_NAME = "$(TARGET_NAME)";
				SWIFT_VERSION = 4.0;
				TARGETED_DEVICE_FAMILY = "1,2";
			};
			name = Release;
		};
/* End XCBuildConfiguration section */

/* Begin XCConfigurationList section */
		7EF0C7481F3BE97D007BAA82 /* Build configuration list for PBXProject "coder-swag" */ = {
			isa = XCConfigurationList;
			buildConfigurations = (
				7EF0C75D1F3BE97D007BAA82 /* Debug */,
				7EF0C75E1F3BE97D007BAA82 /* Release */,
			);
			defaultConfigurationIsVisible = 0;
			defaultConfigurationName = Release;
		};
		7EF0C75F1F3BE97D007BAA82 /* Build configuration list for PBXNativeTarget "coder-swag" */ = {
			isa = XCConfigurationList;
			buildConfigurations = (
				7EF0C7601F3BE97D007BAA82 /* Debug */,
				7EF0C7611F3BE97D007BAA82 /* Release */,
			);
			defaultConfigurationIsVisible = 0;
			defaultConfigurationName = Release;
		};
/* End XCConfigurationList section */
	};
	rootObject = 7EF0C7451F3BE97D007BAA82 /* Project object */;
}
